
Microsoft Visual Studio Solution File, Format Version 12.00
# Visual Studio Version 17
VisualStudioVersion = 17.8.34330.188
MinimumVisualStudioVersion = 10.0.40219.1
Project("{9A19103F-16F7-4668-BE54-9A1E7A4F7556}") = "Marvel.API", "Marvel.API\Marvel.API.csproj", "{E820F7C6-9038-4B10-9A22-F194DD30B76B}"
EndProject
Project("{FAE04EC0-301F-11D3-BF4B-00C04F79EFBC}") = "Marvel.Tests", "Marvel.Tests\Marvel.Tests.csproj", "{B9BCF2C3-63F4-4BAE-B89C-7A859FF9E420}"
EndProject
Global
	GlobalSection(SolutionConfigurationPlatforms) = preSolution
		Debug|Any CPU = Debug|Any CPU
		Release|Any CPU = Release|Any CPU
	EndGlobalSection
	GlobalSection(ProjectConfigurationPlatforms) = postSolution
		{E820F7C6-9038-4B10-9A22-F194DD30B76B}.Debug|Any CPU.ActiveCfg = Debug|Any CPU
		{E820F7C6-9038-4B10-9A22-F194DD30B76B}.Debug|Any CPU.Build.0 = Debug|Any CPU
		{E820F7C6-9038-4B10-9A22-F194DD30B76B}.Release|Any CPU.ActiveCfg = Release|Any CPU
		{E820F7C6-9038-4B10-9A22-F194DD30B76B}.Release|Any CPU.Build.0 = Release|Any CPU
		{B9BCF2C3-63F4-4BAE-B89C-7A859FF9E420}.Debug|Any CPU.ActiveCfg = Debug|Any CPU
		{B9BCF2C3-63F4-4BAE-B89C-7A859FF9E420}.Debug|Any CPU.Build.0 = Debug|Any CPU
		{B9BCF2C3-63F4-4BAE-B89C-7A859FF9E420}.Release|Any CPU.ActiveCfg = Release|Any CPU
		{B9BCF2C3-63F4-4BAE-B89C-7A859FF9E420}.Release|Any CPU.Build.0 = Release|Any CPU
	EndGlobalSection
	GlobalSection(SolutionProperties) = preSolution
		HideSolutionNode = FALSE
	EndGlobalSection
	GlobalSection(ExtensibilityGlobals) = postSolution
		SolutionGuid = {72EAC8B0-4A2F-4571-9358-B6B5DD2563B1}
	EndGlobalSection
EndGlobal
